<?xml version="1.0" encoding="utf-8"?>
<Project ToolsVersion="4.0" xmlns="http://schemas.microsoft.com/developer/msbuild/2003">
  <ItemGroup>
    <Filter Include="Source Files">
      <UniqueIdentifier>{4FC737F1-C7A5-4376-A066-2A32D752A2FF}</UniqueIdentifier>
      <Extensions>cpp;c;cc;cxx;def;odl;idl;hpj;bat;asm;asmx</Extensions>
    </Filter>
    <Filter Include="Header Files">
      <UniqueIdentifier>{93995380-89BD-4b04-88EB-625FBE52EBFB}</UniqueIdentifier>
      <Extensions>h;hh;hpp;hxx;hm;inl;inc;ipp;xsd</Extensions>
    </Filter>
    <Filter Include="Resource Files">
      <UniqueIdentifier>{67DA6AB6-F800-4c08-8B7A-83BB121AAD01}</UniqueIdentifier>
      <Extensions>rc;ico;cur;bmp;dlg;rc2;rct;bin;rgs;gif;jpg;jpeg;jpe;resx;tiff;tif;png;wav;mfcribbon-ms</Extensions>
    </Filter>
  </ItemGroup>
  <ItemGroup>
    <ClCompile Include="transpiler\sudohc.cpp">
      <Filter>Source Files</Filter>
    </ClCompile>
    <ClCompile Include="sudoh\variable.cpp">
      <Filter>Source Files</Filter>
    </ClCompile>
    <ClCompile Include="transpiler\parser.h">
      <Filter>Source Files</Filter>
    </ClCompile>
    <ClCompile Include="transpiler\parser.cpp">
      <Filter>Source Files</Filter>
    </ClCompile>
    <ClCompile Include="transpiler\name_manager.cpp">
      <Filter>Source Files</Filter>
    </ClCompile>
    <ClCompile Include="transpiler\transpiled_buf.cpp">
      <Filter>Source Files</Filter>
    </ClCompile>
    <ClCompile Include="transpiler\token_iter.cpp">
      <Filter>Source Files</Filter>
    </ClCompile>
    <ClCompile Include="sudoh\runtime_ex.cpp">
      <Filter>Source Files</Filter>
    </ClCompile>
    <ClCompile Include="sudoh\sudohstdlib.cpp">
      <Filter>Source Files</Filter>
    </ClCompile>
    <ClCompile Include="sudoh\example.cpp">
      <Filter>Source Files</Filter>
    </ClCompile>
  </ItemGroup>
  <ItemGroup>
    <None Include="example.sud" />
    <None Include="linked.sud" />
    <None Include="transpiler\Makefile" />
  </ItemGroup>
  <ItemGroup>
    <ClInclude Include="transpiler\transpiled_buf.h">
      <Filter>Header Files</Filter>
    </ClInclude>
    <ClInclude Include="transpiler\name_manager.h">
      <Filter>Header Files</Filter>
    </ClInclude>
    <ClInclude Include="transpiler\token_iter.h">
      <Filter>Header Files</Filter>
    </ClInclude>
    <ClInclude Include="transpiler\syntax_ex.h">
      <Filter>Header Files</Filter>
    </ClInclude>
    <ClInclude Include="sudoh\runtime_ex.h">
      <Filter>Header Files</Filter>
    </ClInclude>
    <ClInclude Include="sudoh\variable.h">
      <Filter>Header Files</Filter>
    </ClInclude>
    <ClInclude Include="sudoh\sudohstdlib.h">
      <Filter>Header Files</Filter>
    </ClInclude>
    <ClInclude Include="sudoh\sudoh.h">
      <Filter>Header Files</Filter>
    </ClInclude>
  </ItemGroup>
</Project>